
Microsoft Visual Studio Solution File, Format Version 12.00
# Visual Studio 15
VisualStudioVersion = 15.0.28010.2003
MinimumVisualStudioVersion = 10.0.40219.1
Project("{FAE04EC0-301F-11D3-BF4B-00C04F79EFBC}") = "FunctionApp", "FunctionApp\FunctionApp.csproj", "{F840068D-22EF-4D94-895B-2FD77516FB60}"
EndProject
Global
	GlobalSection(SolutionConfigurationPlatforms) = preSolution
		Debug|Any CPU = Debug|Any CPU
		Release|Any CPU = Release|Any CPU
	EndGlobalSection
	GlobalSection(ProjectConfigurationPlatforms) = postSolution
		{F840068D-22EF-4D94-895B-2FD77516FB60}.Debug|Any CPU.ActiveCfg = Debug|Any CPU
		{F840068D-22EF-4D94-895B-2FD77516FB60}.Debug|Any CPU.Build.0 = Debug|Any CPU
		{F840068D-22EF-4D94-895B-2FD77516FB60}.Release|Any CPU.ActiveCfg = Release|Any CPU
		{F840068D-22EF-4D94-895B-2FD77516FB60}.Release|Any CPU.Build.0 = Release|Any CPU
	EndGlobalSection
	GlobalSection(SolutionProperties) = preSolution
		HideSolutionNode = FALSE
	EndGlobalSection
	GlobalSection(ExtensibilityGlobals) = postSolution
		SolutionGuid = {70E46B4E-CD5B-4F22-B969-6AC0A4939F85}
	EndGlobalSection
EndGlobal
